{
    "name": "@kahi-ui/docs-kit",
    "version": "0.0.1",
    "lockfileVersion": 2,
    "requires": true,
    "packages": {
        "": {
            "name": "@kahi-ui/docs-kit",
            "version": "0.0.1",
            "dependencies": {
                "@kahi-ui/svelte": "github:novacbn/kahi-ui-svelte",
                "github-slugger": "^1.3.0",
                "gray-matter": "^4.0.2",
                "highlight.js": "^10.6.0",
                "js-yaml": "^4.0.0",
                "json5": "^2.2.0",
                "markdown-it": "^12.0.4",
                "svelte": "^3.29.7",
                "svelte-feather": "github:novacbn/svelte-feather#0.0.1",
                "toml": "^3.0.0"
            },
            "devDependencies": {
                "prettier": "^2.1.2"
            }
        },
        "node_modules/@kahi-ui/svelte": {
            "version": "0.0.1",
            "resolved": "git+ssh://git@github.com/novacbn/kahi-ui-svelte.git#902f4e531a597058d910629ff237ba76b2070b0d",
            "dependencies": {
                "svelte": "^3.29.7"
            }
        },
        "node_modules/argparse": {
            "version": "2.0.1",
            "resolved": "https://registry.npmjs.org/argparse/-/argparse-2.0.1.tgz",
            "integrity": "sha512-8+9WqebbFzpX9OR+Wa6O29asIogeRMzcGtAINdpMHHyAg10f05aSFVBbcEqGf/PXw1EjAZ+q2/bEBg3DvurK3Q=="
        },
        "node_modules/emoji-regex": {
            "version": "6.1.1",
            "resolved": "https://registry.npmjs.org/emoji-regex/-/emoji-regex-6.1.1.tgz",
            "integrity": "sha1-xs0OwbBkLio8Z6ETfvxeeW2k+I4="
        },
        "node_modules/entities": {
            "version": "2.1.0",
            "resolved": "https://registry.npmjs.org/entities/-/entities-2.1.0.tgz",
            "integrity": "sha512-hCx1oky9PFrJ611mf0ifBLBRW8lUUVRlFolb5gWRfIELabBlbp9xZvrqZLZAs+NxFnbfQoeGd8wDkygjg7U85w==",
            "funding": {
                "url": "https://github.com/fb55/entities?sponsor=1"
            }
        },
        "node_modules/esprima": {
            "version": "4.0.1",
            "resolved": "https://registry.npmjs.org/esprima/-/esprima-4.0.1.tgz",
            "integrity": "sha512-eGuFFw7Upda+g4p+QHvnW0RyTX/SVeJBDM/gCtMARO0cLuT2HcEKnTPvhjV6aGeqrCB/sbNop0Kszm0jsaWU4A==",
            "bin": {
                "esparse": "bin/esparse.js",
                "esvalidate": "bin/esvalidate.js"
            },
            "engines": {
                "node": ">=4"
            }
        },
        "node_modules/extend-shallow": {
            "version": "2.0.1",
            "resolved": "https://registry.npmjs.org/extend-shallow/-/extend-shallow-2.0.1.tgz",
            "integrity": "sha1-Ua99YUrZqfYQ6huvu5idaxxWiQ8=",
            "dependencies": {
                "is-extendable": "^0.1.0"
            },
            "engines": {
                "node": ">=0.10.0"
            }
        },
        "node_modules/github-slugger": {
            "version": "1.3.0",
            "resolved": "https://registry.npmjs.org/github-slugger/-/github-slugger-1.3.0.tgz",
            "integrity": "sha512-gwJScWVNhFYSRDvURk/8yhcFBee6aFjye2a7Lhb2bUyRulpIoek9p0I9Kt7PT67d/nUlZbFu8L9RLiA0woQN8Q==",
            "license": "ISC",
            "dependencies": {
                "emoji-regex": ">=6.0.0 <=6.1.1"
            }
        },
        "node_modules/gray-matter": {
            "version": "4.0.2",
            "resolved": "https://registry.npmjs.org/gray-matter/-/gray-matter-4.0.2.tgz",
            "integrity": "sha512-7hB/+LxrOjq/dd8APlK0r24uL/67w7SkYnfwhNFwg/VDIGWGmduTDYf3WNstLW2fbbmRwrDGCVSJ2isuf2+4Hw==",
            "dependencies": {
                "js-yaml": "^3.11.0",
                "kind-of": "^6.0.2",
                "section-matter": "^1.0.0",
                "strip-bom-string": "^1.0.0"
            },
            "engines": {
                "node": ">=6.0"
            }
        },
        "node_modules/gray-matter/node_modules/argparse": {
            "version": "1.0.10",
            "resolved": "https://registry.npmjs.org/argparse/-/argparse-1.0.10.tgz",
            "integrity": "sha512-o5Roy6tNG4SL/FOkCAN6RzjiakZS25RLYFrcMttJqbdd8BWrnA+fGz57iN5Pb06pvBGvl5gQ0B48dJlslXvoTg==",
            "dependencies": {
                "sprintf-js": "~1.0.2"
            }
        },
        "node_modules/gray-matter/node_modules/js-yaml": {
            "version": "3.14.1",
            "resolved": "https://registry.npmjs.org/js-yaml/-/js-yaml-3.14.1.tgz",
            "integrity": "sha512-okMH7OXXJ7YrN9Ok3/SXrnu4iX9yOk+25nqX4imS2npuvTYDmo/QEZoqwZkYaIDk3jVvBOTOIEgEhaLOynBS9g==",
            "dependencies": {
                "argparse": "^1.0.7",
                "esprima": "^4.0.0"
            },
            "bin": {
                "js-yaml": "bin/js-yaml.js"
            }
        },
        "node_modules/highlight.js": {
            "version": "10.6.0",
            "resolved": "https://registry.npmjs.org/highlight.js/-/highlight.js-10.6.0.tgz",
            "integrity": "sha512-8mlRcn5vk/r4+QcqerapwBYTe+iPL5ih6xrNylxrnBdHQiijDETfXX7VIxC3UiCRiINBJfANBAsPzAvRQj8RpQ==",
            "engines": {
                "node": "*"
            }
        },
        "node_modules/is-extendable": {
            "version": "0.1.1",
            "resolved": "https://registry.npmjs.org/is-extendable/-/is-extendable-0.1.1.tgz",
            "integrity": "sha1-YrEQ4omkcUGOPsNqYX1HLjAd/Ik=",
            "engines": {
                "node": ">=0.10.0"
            }
        },
        "node_modules/js-yaml": {
            "version": "4.0.0",
            "resolved": "https://registry.npmjs.org/js-yaml/-/js-yaml-4.0.0.tgz",
            "integrity": "sha512-pqon0s+4ScYUvX30wxQi3PogGFAlUyH0awepWvwkj4jD4v+ova3RiYw8bmA6x2rDrEaj8i/oWKoRxpVNW+Re8Q==",
            "dependencies": {
                "argparse": "^2.0.1"
            },
            "bin": {
                "js-yaml": "bin/js-yaml.js"
            }
        },
        "node_modules/json5": {
            "version": "2.2.0",
            "resolved": "https://registry.npmjs.org/json5/-/json5-2.2.0.tgz",
            "integrity": "sha512-f+8cldu7X/y7RAJurMEJmdoKXGB/X550w2Nr3tTbezL6RwEE/iMcm+tZnXeoZtKuOq6ft8+CqzEkrIgx1fPoQA==",
            "dependencies": {
                "minimist": "^1.2.5"
            },
            "bin": {
                "json5": "lib/cli.js"
            },
            "engines": {
                "node": ">=6"
            }
        },
        "node_modules/kind-of": {
            "version": "6.0.3",
            "resolved": "https://registry.npmjs.org/kind-of/-/kind-of-6.0.3.tgz",
            "integrity": "sha512-dcS1ul+9tmeD95T+x28/ehLgd9mENa3LsvDTtzm3vyBEO7RPptvAD+t44WVXaUjTBRcrpFeFlC8WCruUR456hw==",
            "engines": {
                "node": ">=0.10.0"
            }
        },
        "node_modules/linkify-it": {
            "version": "3.0.2",
            "resolved": "https://registry.npmjs.org/linkify-it/-/linkify-it-3.0.2.tgz",
            "integrity": "sha512-gDBO4aHNZS6coiZCKVhSNh43F9ioIL4JwRjLZPkoLIY4yZFwg264Y5lu2x6rb1Js42Gh6Yqm2f6L2AJcnkzinQ==",
            "dependencies": {
                "uc.micro": "^1.0.1"
            }
        },
        "node_modules/markdown-it": {
            "version": "12.0.4",
            "resolved": "https://registry.npmjs.org/markdown-it/-/markdown-it-12.0.4.tgz",
            "integrity": "sha512-34RwOXZT8kyuOJy25oJNJoulO8L0bTHYWXcdZBYZqFnjIy3NgjeoM3FmPXIOFQ26/lSHYMr8oc62B6adxXcb3Q==",
            "dependencies": {
                "argparse": "^2.0.1",
                "entities": "~2.1.0",
                "linkify-it": "^3.0.1",
                "mdurl": "^1.0.1",
                "uc.micro": "^1.0.5"
            },
            "bin": {
                "markdown-it": "bin/markdown-it.js"
            }
        },
        "node_modules/mdurl": {
            "version": "1.0.1",
            "resolved": "https://registry.npmjs.org/mdurl/-/mdurl-1.0.1.tgz",
            "integrity": "sha1-/oWy7HWlkDfyrf7BAP1sYBdhFS4="
        },
        "node_modules/minimist": {
            "version": "1.2.5",
            "resolved": "https://registry.npmjs.org/minimist/-/minimist-1.2.5.tgz",
            "integrity": "sha512-FM9nNUYrRBAELZQT3xeZQ7fmMOBg6nWNmJKTcgsJeaLstP/UODVpGsr5OhXhhXg6f+qtJ8uiZ+PUxkDWcgIXLw=="
        },
        "node_modules/prettier": {
            "version": "2.2.1",
            "resolved": "https://registry.npmjs.org/prettier/-/prettier-2.2.1.tgz",
            "integrity": "sha512-PqyhM2yCjg/oKkFPtTGUojv7gnZAoG80ttl45O6x2Ug/rMJw4wcc9k6aaf2hibP7BGVCCM33gZoGjyvt9mm16Q==",
            "dev": true,
            "bin": {
                "prettier": "bin-prettier.js"
            },
            "engines": {
                "node": ">=10.13.0"
            }
        },
        "node_modules/section-matter": {
            "version": "1.0.0",
            "resolved": "https://registry.npmjs.org/section-matter/-/section-matter-1.0.0.tgz",
            "integrity": "sha512-vfD3pmTzGpufjScBh50YHKzEu2lxBWhVEHsNGoEXmCmn2hKGfeNLYMzCJpe8cD7gqX7TJluOVpBkAequ6dgMmA==",
            "dependencies": {
                "extend-shallow": "^2.0.1",
                "kind-of": "^6.0.0"
            },
            "engines": {
                "node": ">=4"
            }
        },
        "node_modules/sprintf-js": {
            "version": "1.0.3",
            "resolved": "https://registry.npmjs.org/sprintf-js/-/sprintf-js-1.0.3.tgz",
            "integrity": "sha1-BOaSb2YolTVPPdAVIDYzuFcpfiw="
        },
        "node_modules/strip-bom-string": {
            "version": "1.0.0",
            "resolved": "https://registry.npmjs.org/strip-bom-string/-/strip-bom-string-1.0.0.tgz",
            "integrity": "sha1-5SEekiQ2n7uB1jOi8ABE3IztrZI=",
            "engines": {
                "node": ">=0.10.0"
            }
        },
        "node_modules/svelte": {
            "version": "3.35.0",
            "resolved": "https://registry.npmjs.org/svelte/-/svelte-3.35.0.tgz",
            "integrity": "sha512-gknlZkR2sXheu/X+B7dDImwANVvK1R0QGQLd8CNIfxxGPeXBmePnxfzb6fWwTQRsYQG7lYkZXvpXJvxvpsoB7g==",
            "engines": {
                "node": ">= 8"
            }
        },
        "node_modules/svelte-feather": {
            "version": "0.0.1",
            "resolved": "git+ssh://git@github.com/novacbn/svelte-feather.git#461685f150d409fe8e4c2b7c93e9323458201507",
            "engines": {
                "node": ">=12.0.0"
            }
        },
        "node_modules/toml": {
            "version": "3.0.0",
            "resolved": "https://registry.npmjs.org/toml/-/toml-3.0.0.tgz",
            "integrity": "sha512-y/mWCZinnvxjTKYhJ+pYxwD0mRLVvOtdS2Awbgxln6iEnt4rk0yBxeSBHkGJcPucRiG0e55mwWp+g/05rsrd6w=="
        },
        "node_modules/uc.micro": {
            "version": "1.0.6",
            "resolved": "https://registry.npmjs.org/uc.micro/-/uc.micro-1.0.6.tgz",
            "integrity": "sha512-8Y75pvTYkLJW2hWQHXxoqRgV7qb9B+9vFEtidML+7koHUFapnVJAZ6cKs+Qjz5Aw3aZWHMC6u0wJE3At+nSGwA=="
        }
    },
    "dependencies": {
        "@kahi-ui/svelte": {
            "version": "git+ssh://git@github.com/novacbn/kahi-ui-svelte.git#902f4e531a597058d910629ff237ba76b2070b0d",
            "from": "@kahi-ui/svelte@github:novacbn/kahi-ui-svelte",
            "requires": {
                "svelte": "^3.29.7"
            }
        },
        "argparse": {
            "version": "2.0.1",
            "resolved": "https://registry.npmjs.org/argparse/-/argparse-2.0.1.tgz",
            "integrity": "sha512-8+9WqebbFzpX9OR+Wa6O29asIogeRMzcGtAINdpMHHyAg10f05aSFVBbcEqGf/PXw1EjAZ+q2/bEBg3DvurK3Q=="
        },
        "emoji-regex": {
            "version": "6.1.1",
            "resolved": "https://registry.npmjs.org/emoji-regex/-/emoji-regex-6.1.1.tgz",
            "integrity": "sha1-xs0OwbBkLio8Z6ETfvxeeW2k+I4="
        },
        "entities": {
            "version": "2.1.0",
            "resolved": "https://registry.npmjs.org/entities/-/entities-2.1.0.tgz",
            "integrity": "sha512-hCx1oky9PFrJ611mf0ifBLBRW8lUUVRlFolb5gWRfIELabBlbp9xZvrqZLZAs+NxFnbfQoeGd8wDkygjg7U85w=="
        },
        "esprima": {
            "version": "4.0.1",
            "resolved": "https://registry.npmjs.org/esprima/-/esprima-4.0.1.tgz",
            "integrity": "sha512-eGuFFw7Upda+g4p+QHvnW0RyTX/SVeJBDM/gCtMARO0cLuT2HcEKnTPvhjV6aGeqrCB/sbNop0Kszm0jsaWU4A=="
        },
        "extend-shallow": {
            "version": "2.0.1",
            "resolved": "https://registry.npmjs.org/extend-shallow/-/extend-shallow-2.0.1.tgz",
            "integrity": "sha1-Ua99YUrZqfYQ6huvu5idaxxWiQ8=",
            "requires": {
                "is-extendable": "^0.1.0"
            }
        },
        "github-slugger": {
            "version": "1.3.0",
            "resolved": "https://registry.npmjs.org/github-slugger/-/github-slugger-1.3.0.tgz",
            "integrity": "sha512-gwJScWVNhFYSRDvURk/8yhcFBee6aFjye2a7Lhb2bUyRulpIoek9p0I9Kt7PT67d/nUlZbFu8L9RLiA0woQN8Q==",
            "requires": {
                "emoji-regex": ">=6.0.0 <=6.1.1"
            }
        },
        "gray-matter": {
            "version": "4.0.2",
            "resolved": "https://registry.npmjs.org/gray-matter/-/gray-matter-4.0.2.tgz",
            "integrity": "sha512-7hB/+LxrOjq/dd8APlK0r24uL/67w7SkYnfwhNFwg/VDIGWGmduTDYf3WNstLW2fbbmRwrDGCVSJ2isuf2+4Hw==",
            "requires": {
                "js-yaml": "^3.11.0",
                "kind-of": "^6.0.2",
                "section-matter": "^1.0.0",
                "strip-bom-string": "^1.0.0"
            },
            "dependencies": {
                "argparse": {
                    "version": "1.0.10",
                    "resolved": "https://registry.npmjs.org/argparse/-/argparse-1.0.10.tgz",
                    "integrity": "sha512-o5Roy6tNG4SL/FOkCAN6RzjiakZS25RLYFrcMttJqbdd8BWrnA+fGz57iN5Pb06pvBGvl5gQ0B48dJlslXvoTg==",
                    "requires": {
                        "sprintf-js": "~1.0.2"
                    }
                },
                "js-yaml": {
                    "version": "3.14.1",
                    "resolved": "https://registry.npmjs.org/js-yaml/-/js-yaml-3.14.1.tgz",
                    "integrity": "sha512-okMH7OXXJ7YrN9Ok3/SXrnu4iX9yOk+25nqX4imS2npuvTYDmo/QEZoqwZkYaIDk3jVvBOTOIEgEhaLOynBS9g==",
                    "requires": {
                        "argparse": "^1.0.7",
                        "esprima": "^4.0.0"
                    }
                }
            }
        },
        "highlight.js": {
            "version": "10.6.0",
            "resolved": "https://registry.npmjs.org/highlight.js/-/highlight.js-10.6.0.tgz",
            "integrity": "sha512-8mlRcn5vk/r4+QcqerapwBYTe+iPL5ih6xrNylxrnBdHQiijDETfXX7VIxC3UiCRiINBJfANBAsPzAvRQj8RpQ=="
        },
        "is-extendable": {
            "version": "0.1.1",
            "resolved": "https://registry.npmjs.org/is-extendable/-/is-extendable-0.1.1.tgz",
            "integrity": "sha1-YrEQ4omkcUGOPsNqYX1HLjAd/Ik="
        },
        "js-yaml": {
            "version": "4.0.0",
            "resolved": "https://registry.npmjs.org/js-yaml/-/js-yaml-4.0.0.tgz",
            "integrity": "sha512-pqon0s+4ScYUvX30wxQi3PogGFAlUyH0awepWvwkj4jD4v+ova3RiYw8bmA6x2rDrEaj8i/oWKoRxpVNW+Re8Q==",
            "requires": {
                "argparse": "^2.0.1"
            }
        },
        "json5": {
            "version": "2.2.0",
            "resolved": "https://registry.npmjs.org/json5/-/json5-2.2.0.tgz",
            "integrity": "sha512-f+8cldu7X/y7RAJurMEJmdoKXGB/X550w2Nr3tTbezL6RwEE/iMcm+tZnXeoZtKuOq6ft8+CqzEkrIgx1fPoQA==",
            "requires": {
                "minimist": "^1.2.5"
            }
        },
        "kind-of": {
            "version": "6.0.3",
            "resolved": "https://registry.npmjs.org/kind-of/-/kind-of-6.0.3.tgz",
            "integrity": "sha512-dcS1ul+9tmeD95T+x28/ehLgd9mENa3LsvDTtzm3vyBEO7RPptvAD+t44WVXaUjTBRcrpFeFlC8WCruUR456hw=="
        },
        "linkify-it": {
            "version": "3.0.2",
            "resolved": "https://registry.npmjs.org/linkify-it/-/linkify-it-3.0.2.tgz",
            "integrity": "sha512-gDBO4aHNZS6coiZCKVhSNh43F9ioIL4JwRjLZPkoLIY4yZFwg264Y5lu2x6rb1Js42Gh6Yqm2f6L2AJcnkzinQ==",
            "requires": {
                "uc.micro": "^1.0.1"
            }
        },
        "markdown-it": {
            "version": "12.0.4",
            "resolved": "https://registry.npmjs.org/markdown-it/-/markdown-it-12.0.4.tgz",
            "integrity": "sha512-34RwOXZT8kyuOJy25oJNJoulO8L0bTHYWXcdZBYZqFnjIy3NgjeoM3FmPXIOFQ26/lSHYMr8oc62B6adxXcb3Q==",
            "requires": {
                "argparse": "^2.0.1",
                "entities": "~2.1.0",
                "linkify-it": "^3.0.1",
                "mdurl": "^1.0.1",
                "uc.micro": "^1.0.5"
            }
        },
        "mdurl": {
            "version": "1.0.1",
            "resolved": "https://registry.npmjs.org/mdurl/-/mdurl-1.0.1.tgz",
            "integrity": "sha1-/oWy7HWlkDfyrf7BAP1sYBdhFS4="
        },
        "minimist": {
            "version": "1.2.5",
            "resolved": "https://registry.npmjs.org/minimist/-/minimist-1.2.5.tgz",
            "integrity": "sha512-FM9nNUYrRBAELZQT3xeZQ7fmMOBg6nWNmJKTcgsJeaLstP/UODVpGsr5OhXhhXg6f+qtJ8uiZ+PUxkDWcgIXLw=="
        },
        "prettier": {
            "version": "2.2.1",
            "resolved": "https://registry.npmjs.org/prettier/-/prettier-2.2.1.tgz",
            "integrity": "sha512-PqyhM2yCjg/oKkFPtTGUojv7gnZAoG80ttl45O6x2Ug/rMJw4wcc9k6aaf2hibP7BGVCCM33gZoGjyvt9mm16Q==",
            "dev": true
        },
        "section-matter": {
            "version": "1.0.0",
            "resolved": "https://registry.npmjs.org/section-matter/-/section-matter-1.0.0.tgz",
            "integrity": "sha512-vfD3pmTzGpufjScBh50YHKzEu2lxBWhVEHsNGoEXmCmn2hKGfeNLYMzCJpe8cD7gqX7TJluOVpBkAequ6dgMmA==",
            "requires": {
                "extend-shallow": "^2.0.1",
                "kind-of": "^6.0.0"
            }
        },
        "sprintf-js": {
            "version": "1.0.3",
            "resolved": "https://registry.npmjs.org/sprintf-js/-/sprintf-js-1.0.3.tgz",
            "integrity": "sha1-BOaSb2YolTVPPdAVIDYzuFcpfiw="
        },
        "strip-bom-string": {
            "version": "1.0.0",
            "resolved": "https://registry.npmjs.org/strip-bom-string/-/strip-bom-string-1.0.0.tgz",
            "integrity": "sha1-5SEekiQ2n7uB1jOi8ABE3IztrZI="
        },
        "svelte": {
            "version": "3.35.0",
            "resolved": "https://registry.npmjs.org/svelte/-/svelte-3.35.0.tgz",
            "integrity": "sha512-gknlZkR2sXheu/X+B7dDImwANVvK1R0QGQLd8CNIfxxGPeXBmePnxfzb6fWwTQRsYQG7lYkZXvpXJvxvpsoB7g=="
        },
        "svelte-feather": {
            "version": "git+ssh://git@github.com/novacbn/svelte-feather.git#461685f150d409fe8e4c2b7c93e9323458201507",
            "from": "svelte-feather@github:novacbn/svelte-feather#0.0.1"
        },
        "toml": {
            "version": "3.0.0",
            "resolved": "https://registry.npmjs.org/toml/-/toml-3.0.0.tgz",
            "integrity": "sha512-y/mWCZinnvxjTKYhJ+pYxwD0mRLVvOtdS2Awbgxln6iEnt4rk0yBxeSBHkGJcPucRiG0e55mwWp+g/05rsrd6w=="
        },
        "uc.micro": {
            "version": "1.0.6",
            "resolved": "https://registry.npmjs.org/uc.micro/-/uc.micro-1.0.6.tgz",
            "integrity": "sha512-8Y75pvTYkLJW2hWQHXxoqRgV7qb9B+9vFEtidML+7koHUFapnVJAZ6cKs+Qjz5Aw3aZWHMC6u0wJE3At+nSGwA=="
        }
    }
}
